// !$*UTF8*$!
{
	archiveVersion = 1;
	classes = {
	};
	objectVersion = 55;
	objects = {

/* Begin PBXBuildFile section */
		78268A9A287016BB0099F75C /* NeflixCloneCodingApp.swift in Sources */ = {isa = PBXBuildFile; fileRef = 78268A99287016BB0099F75C /* NeflixCloneCodingApp.swift */; };
		78268A9C287016BB0099F75C /* ContentView.swift in Sources */ = {isa = PBXBuildFile; fileRef = 78268A9B287016BB0099F75C /* ContentView.swift */; };
		78268A9E287016BC0099F75C /* Assets.xcassets in Resources */ = {isa = PBXBuildFile; fileRef = 78268A9D287016BC0099F75C /* Assets.xcassets */; };
		78268AA1287016BC0099F75C /* Preview Assets.xcassets in Resources */ = {isa = PBXBuildFile; fileRef = 78268AA0287016BC0099F75C /* Preview Assets.xcassets */; };

		B929282C28791CFF00443708 /* Storage.swift in Sources */ = {isa = PBXBuildFile; fileRef = B929282B28791CFF00443708 /* Storage.swift */; };
		B973729E2879201A004C83DE /* ContentDetailView.swift in Sources */ = {isa = PBXBuildFile; fileRef = B973729D2879201A004C83DE /* ContentDetailView.swift */; };

		
		78AF389F2877033E00BA81D4 /* NetflixMain.swift in Sources */ = {isa = PBXBuildFile; fileRef = 78AF389E2877033E00BA81D4 /* NetflixMain.swift */; };
		78AF38A328770BE700BA81D4 /* TopContent.swift in Sources */ = {isa = PBXBuildFile; fileRef = 78AF38A228770BE700BA81D4 /* TopContent.swift */; };

/* End PBXBuildFile section */

/* Begin PBXFileReference section */
		78268A96287016BB0099F75C /* NeflixCloneCoding.app */ = {isa = PBXFileReference; explicitFileType = wrapper.application; includeInIndex = 0; path = NeflixCloneCoding.app; sourceTree = BUILT_PRODUCTS_DIR; };
		78268A99287016BB0099F75C /* NeflixCloneCodingApp.swift */ = {isa = PBXFileReference; lastKnownFileType = sourcecode.swift; path = NeflixCloneCodingApp.swift; sourceTree = "<group>"; };
		78268A9B287016BB0099F75C /* ContentView.swift */ = {isa = PBXFileReference; lastKnownFileType = sourcecode.swift; path = ContentView.swift; sourceTree = "<group>"; };
		78268A9D287016BC0099F75C /* Assets.xcassets */ = {isa = PBXFileReference; lastKnownFileType = folder.assetcatalog; path = Assets.xcassets; sourceTree = "<group>"; };
		78268AA0287016BC0099F75C /* Preview Assets.xcassets */ = {isa = PBXFileReference; lastKnownFileType = folder.assetcatalog; path = "Preview Assets.xcassets"; sourceTree = "<group>"; };

		
		B973729D2879201A004C83DE /* ContentDetailView.swift */ = {isa = PBXFileReference; lastKnownFileType = sourcecode.swift; path = ContentDetailView.swift; sourceTree = "<group>"; };

		78268AA7287016D90099F75C /* Storage.swift */ = {isa = PBXFileReference; lastKnownFileType = sourcecode.swift; path = Storage.swift; sourceTree = "<group>"; };
		78AF389E2877033E00BA81D4 /* NetflixMain.swift */ = {isa = PBXFileReference; lastKnownFileType = sourcecode.swift; path = NetflixMain.swift; sourceTree = "<group>"; };
		78AF38A228770BE700BA81D4 /* TopContent.swift */ = {isa = PBXFileReference; lastKnownFileType = sourcecode.swift; path = TopContent.swift; sourceTree = "<group>"; };

/* End PBXFileReference section */

/* Begin PBXFrameworksBuildPhase section */
		78268A93287016BB0099F75C /* Frameworks */ = {
			isa = PBXFrameworksBuildPhase;
			buildActionMask = 2147483647;
			files = (
			);
			runOnlyForDeploymentPostprocessing = 0;
		};
/* End PBXFrameworksBuildPhase section */

/* Begin PBXGroup section */
		78268A8D287016BB0099F75C = {
			isa = PBXGroup;
			children = (
				78268A98287016BB0099F75C /* NeflixCloneCoding */,
				78268A97287016BB0099F75C /* Products */,
			);
			sourceTree = "<group>";
		};
		78268A97287016BB0099F75C /* Products */ = {
			isa = PBXGroup;
			children = (
				78268A96287016BB0099F75C /* NeflixCloneCoding.app */,
			);
			name = Products;
			sourceTree = "<group>";
		};
		78268A98287016BB0099F75C /* NeflixCloneCoding */ = {
			isa = PBXGroup;
			children = (

				B973729C28791FAE004C83DE /* Detail */,

				7862CCDB2875B0DA00FE3545 /* Main */,

				78268A99287016BB0099F75C /* NeflixCloneCodingApp.swift */,
				78268A9B287016BB0099F75C /* ContentView.swift */,
				78268A9D287016BC0099F75C /* Assets.xcassets */,
				78268A9F287016BC0099F75C /* Preview Content */,
				B929282B28791CFF00443708 /* Storage.swift */,
			);
			path = NeflixCloneCoding;
			sourceTree = "<group>";
		};
		78268A9F287016BC0099F75C /* Preview Content */ = {
			isa = PBXGroup;
			children = (
				78268AA0287016BC0099F75C /* Preview Assets.xcassets */,
			);
			path = "Preview Content";
			sourceTree = "<group>";
		};

		B973729C28791FAE004C83DE /* Detail */ = {
			isa = PBXGroup;
			children = (
				B973729D2879201A004C83DE /* ContentDetailView.swift */,
			);
			path = Detail;

		7862CCDB2875B0DA00FE3545 /* Main */ = {
			isa = PBXGroup;
			children = (
				78AF389E2877033E00BA81D4 /* NetflixMain.swift */,
				78AF38A228770BE700BA81D4 /* TopContent.swift */,
			);
			path = Main;

			sourceTree = "<group>";
		};
/* End PBXGroup section */

/* Begin PBXNativeTarget section */
		78268A95287016BB0099F75C /* NeflixCloneCoding */ = {
			isa = PBXNativeTarget;
			buildConfigurationList = 78268AA4287016BC0099F75C /* Build configuration list for PBXNativeTarget "NeflixCloneCoding" */;
			buildPhases = (
				78268A92287016BB0099F75C /* Sources */,
				78268A93287016BB0099F75C /* Frameworks */,
				78268A94287016BB0099F75C /* Resources */,
			);
			buildRules = (
			);
			dependencies = (
			);
			name = NeflixCloneCoding;
			productName = NeflixCloneCoding;
			productReference = 78268A96287016BB0099F75C /* NeflixCloneCoding.app */;
			productType = "com.apple.product-type.application";
		};
/* End PBXNativeTarget section */

/* Begin PBXProject section */
		78268A8E287016BB0099F75C /* Project object */ = {
			isa = PBXProject;
			attributes = {
				BuildIndependentTargetsInParallel = 1;
				LastSwiftUpdateCheck = 1330;
				LastUpgradeCheck = 1330;
				TargetAttributes = {
					78268A95287016BB0099F75C = {
						CreatedOnToolsVersion = 13.3;
					};
				};
			};
			buildConfigurationList = 78268A91287016BB0099F75C /* Build configuration list for PBXProject "NeflixCloneCoding" */;
			compatibilityVersion = "Xcode 13.0";
			developmentRegion = en;
			hasScannedForEncodings = 0;
			knownRegions = (
				en,
				Base,
			);
			mainGroup = 78268A8D287016BB0099F75C;
			productRefGroup = 78268A97287016BB0099F75C /* Products */;
			projectDirPath = "";
			projectRoot = "";
			targets = (
				78268A95287016BB0099F75C /* NeflixCloneCoding */,
			);
		};
/* End PBXProject section */

/* Begin PBXResourcesBuildPhase section */
		78268A94287016BB0099F75C /* Resources */ = {
			isa = PBXResourcesBuildPhase;
			buildActionMask = 2147483647;
			files = (
				78268AA1287016BC0099F75C /* Preview Assets.xcassets in Resources */,
				78268A9E287016BC0099F75C /* Assets.xcassets in Resources */,
			);
			runOnlyForDeploymentPostprocessing = 0;
		};
/* End PBXResourcesBuildPhase section */

/* Begin PBXSourcesBuildPhase section */
		78268A92287016BB0099F75C /* Sources */ = {
			isa = PBXSourcesBuildPhase;
			buildActionMask = 2147483647;
			files = (
				78268A9C287016BB0099F75C /* ContentView.swift in Sources */,
				B929282C28791CFF00443708 /* Storage.swift in Sources */,
				78268A9A287016BB0099F75C /* NeflixCloneCodingApp.swift in Sources */,

				B973729E2879201A004C83DE /* ContentDetailView.swift in Sources */,

				78AF38A328770BE700BA81D4 /* TopContent.swift in Sources */,
				
				78AF389F2877033E00BA81D4 /* NetflixMain.swift in Sources */,

			);
			runOnlyForDeploymentPostprocessing = 0;
		};
/* End PBXSourcesBuildPhase section */

/* Begin XCBuildConfiguration section */
		78268AA2287016BC0099F75C /* Debug */ = {
			isa = XCBuildConfiguration;
			buildSettings = {
				ALWAYS_SEARCH_USER_PATHS = NO;
				CLANG_ANALYZER_NONNULL = YES;
				CLANG_ANALYZER_NUMBER_OBJECT_CONVERSION = YES_AGGRESSIVE;
				CLANG_CXX_LANGUAGE_STANDARD = "gnu++17";
				CLANG_ENABLE_MODULES = YES;
				CLANG_ENABLE_OBJC_ARC = YES;
				CLANG_ENABLE_OBJC_WEAK = YES;
				CLANG_WARN_BLOCK_CAPTURE_AUTORELEASING = YES;
				CLANG_WARN_BOOL_CONVERSION = YES;
				CLANG_WARN_COMMA = YES;
				CLANG_WARN_CONSTANT_CONVERSION = YES;
				CLANG_WARN_DEPRECATED_OBJC_IMPLEMENTATIONS = YES;
				CLANG_WARN_DIRECT_OBJC_ISA_USAGE = YES_ERROR;
				CLANG_WARN_DOCUMENTATION_COMMENTS = YES;
				CLANG_WARN_EMPTY_BODY = YES;
				CLANG_WARN_ENUM_CONVERSION = YES;
				CLANG_WARN_INFINITE_RECURSION = YES;
				CLANG_WARN_INT_CONVERSION = YES;
				CLANG_WARN_NON_LITERAL_NULL_CONVERSION = YES;
				CLANG_WARN_OBJC_IMPLICIT_RETAIN_SELF = YES;
				CLANG_WARN_OBJC_LITERAL_CONVERSION = YES;
				CLANG_WARN_OBJC_ROOT_CLASS = YES_ERROR;
				CLANG_WARN_QUOTED_INCLUDE_IN_FRAMEWORK_HEADER = YES;
				CLANG_WARN_RANGE_LOOP_ANALYSIS = YES;
				CLANG_WARN_STRICT_PROTOTYPES = YES;
				CLANG_WARN_SUSPICIOUS_MOVE = YES;
				CLANG_WARN_UNGUARDED_AVAILABILITY = YES_AGGRESSIVE;
				CLANG_WARN_UNREACHABLE_CODE = YES;
				CLANG_WARN__DUPLICATE_METHOD_MATCH = YES;
				COPY_PHASE_STRIP = NO;
				DEBUG_INFORMATION_FORMAT = dwarf;
				ENABLE_STRICT_OBJC_MSGSEND = YES;
				ENABLE_TESTABILITY = YES;
				GCC_C_LANGUAGE_STANDARD = gnu11;
				GCC_DYNAMIC_NO_PIC = NO;
				GCC_NO_COMMON_BLOCKS = YES;
				GCC_OPTIMIZATION_LEVEL = 0;
				GCC_PREPROCESSOR_DEFINITIONS = (
					"DEBUG=1",
					"$(inherited)",
				);
				GCC_WARN_64_TO_32_BIT_CONVERSION = YES;
				GCC_WARN_ABOUT_RETURN_TYPE = YES_ERROR;
				GCC_WARN_UNDECLARED_SELECTOR = YES;
				GCC_WARN_UNINITIALIZED_AUTOS = YES_AGGRESSIVE;
				GCC_WARN_UNUSED_FUNCTION = YES;
				GCC_WARN_UNUSED_VARIABLE = YES;
				IPHONEOS_DEPLOYMENT_TARGET = 15.4;
				MTL_ENABLE_DEBUG_INFO = INCLUDE_SOURCE;
				MTL_FAST_MATH = YES;
				ONLY_ACTIVE_ARCH = YES;
				SDKROOT = iphoneos;
				SWIFT_ACTIVE_COMPILATION_CONDITIONS = DEBUG;
				SWIFT_OPTIMIZATION_LEVEL = "-Onone";
			};
			name = Debug;
		};
		78268AA3287016BC0099F75C /* Release */ = {
			isa = XCBuildConfiguration;
			buildSettings = {
				ALWAYS_SEARCH_USER_PATHS = NO;
				CLANG_ANALYZER_NONNULL = YES;
				CLANG_ANALYZER_NUMBER_OBJECT_CONVERSION = YES_AGGRESSIVE;
				CLANG_CXX_LANGUAGE_STANDARD = "gnu++17";
				CLANG_ENABLE_MODULES = YES;
				CLANG_ENABLE_OBJC_ARC = YES;
				CLANG_ENABLE_OBJC_WEAK = YES;
				CLANG_WARN_BLOCK_CAPTURE_AUTORELEASING = YES;
				CLANG_WARN_BOOL_CONVERSION = YES;
				CLANG_WARN_COMMA = YES;
				CLANG_WARN_CONSTANT_CONVERSION = YES;
				CLANG_WARN_DEPRECATED_OBJC_IMPLEMENTATIONS = YES;
				CLANG_WARN_DIRECT_OBJC_ISA_USAGE = YES_ERROR;
				CLANG_WARN_DOCUMENTATION_COMMENTS = YES;
				CLANG_WARN_EMPTY_BODY = YES;
				CLANG_WARN_ENUM_CONVERSION = YES;
				CLANG_WARN_INFINITE_RECURSION = YES;
				CLANG_WARN_INT_CONVERSION = YES;
				CLANG_WARN_NON_LITERAL_NULL_CONVERSION = YES;
				CLANG_WARN_OBJC_IMPLICIT_RETAIN_SELF = YES;
				CLANG_WARN_OBJC_LITERAL_CONVERSION = YES;
				CLANG_WARN_OBJC_ROOT_CLASS = YES_ERROR;
				CLANG_WARN_QUOTED_INCLUDE_IN_FRAMEWORK_HEADER = YES;
				CLANG_WARN_RANGE_LOOP_ANALYSIS = YES;
				CLANG_WARN_STRICT_PROTOTYPES = YES;
				CLANG_WARN_SUSPICIOUS_MOVE = YES;
				CLANG_WARN_UNGUARDED_AVAILABILITY = YES_AGGRESSIVE;
				CLANG_WARN_UNREACHABLE_CODE = YES;
				CLANG_WARN__DUPLICATE_METHOD_MATCH = YES;
				COPY_PHASE_STRIP = NO;
				DEBUG_INFORMATION_FORMAT = "dwarf-with-dsym";
				ENABLE_NS_ASSERTIONS = NO;
				ENABLE_STRICT_OBJC_MSGSEND = YES;
				GCC_C_LANGUAGE_STANDARD = gnu11;
				GCC_NO_COMMON_BLOCKS = YES;
				GCC_WARN_64_TO_32_BIT_CONVERSION = YES;
				GCC_WARN_ABOUT_RETURN_TYPE = YES_ERROR;
				GCC_WARN_UNDECLARED_SELECTOR = YES;
				GCC_WARN_UNINITIALIZED_AUTOS = YES_AGGRESSIVE;
				GCC_WARN_UNUSED_FUNCTION = YES;
				GCC_WARN_UNUSED_VARIABLE = YES;
				IPHONEOS_DEPLOYMENT_TARGET = 15.4;
				MTL_ENABLE_DEBUG_INFO = NO;
				MTL_FAST_MATH = YES;
				SDKROOT = iphoneos;
				SWIFT_COMPILATION_MODE = wholemodule;
				SWIFT_OPTIMIZATION_LEVEL = "-O";
				VALIDATE_PRODUCT = YES;
			};
			name = Release;
		};
		78268AA5287016BC0099F75C /* Debug */ = {
			isa = XCBuildConfiguration;
			buildSettings = {
				ASSETCATALOG_COMPILER_APPICON_NAME = AppIcon;
				ASSETCATALOG_COMPILER_GLOBAL_ACCENT_COLOR_NAME = AccentColor;
				CODE_SIGN_STYLE = Automatic;
				CURRENT_PROJECT_VERSION = 1;
				DEVELOPMENT_ASSET_PATHS = "\"NeflixCloneCoding/Preview Content\"";
				DEVELOPMENT_TEAM = MSUF83HQ8R;
				ENABLE_PREVIEWS = YES;
				GENERATE_INFOPLIST_FILE = YES;
				INFOPLIST_KEY_UIApplicationSceneManifest_Generation = YES;
				INFOPLIST_KEY_UIApplicationSupportsIndirectInputEvents = YES;
				INFOPLIST_KEY_UILaunchScreen_Generation = YES;
				INFOPLIST_KEY_UISupportedInterfaceOrientations_iPad = "UIInterfaceOrientationPortrait UIInterfaceOrientationPortraitUpsideDown UIInterfaceOrientationLandscapeLeft UIInterfaceOrientationLandscapeRight";
				INFOPLIST_KEY_UISupportedInterfaceOrientations_iPhone = "UIInterfaceOrientationPortrait UIInterfaceOrientationLandscapeLeft UIInterfaceOrientationLandscapeRight";
				LD_RUNPATH_SEARCH_PATHS = (
					"$(inherited)",
					"@executable_path/Frameworks",
				);
				MARKETING_VERSION = 1.0;
				PRODUCT_BUNDLE_IDENTIFIER = com.dodo.NeflixCloneCoding;
				PRODUCT_NAME = "$(TARGET_NAME)";
				SWIFT_EMIT_LOC_STRINGS = YES;
				SWIFT_VERSION = 5.0;
				TARGETED_DEVICE_FAMILY = "1,2";
			};
			name = Debug;
		};
		78268AA6287016BC0099F75C /* Release */ = {
			isa = XCBuildConfiguration;
			buildSettings = {
				ASSETCATALOG_COMPILER_APPICON_NAME = AppIcon;
				ASSETCATALOG_COMPILER_GLOBAL_ACCENT_COLOR_NAME = AccentColor;
				CODE_SIGN_STYLE = Automatic;
				CURRENT_PROJECT_VERSION = 1;
				DEVELOPMENT_ASSET_PATHS = "\"NeflixCloneCoding/Preview Content\"";
				DEVELOPMENT_TEAM = MSUF83HQ8R;
				ENABLE_PREVIEWS = YES;
				GENERATE_INFOPLIST_FILE = YES;
				INFOPLIST_KEY_UIApplicationSceneManifest_Generation = YES;
				INFOPLIST_KEY_UIApplicationSupportsIndirectInputEvents = YES;
				INFOPLIST_KEY_UILaunchScreen_Generation = YES;
				INFOPLIST_KEY_UISupportedInterfaceOrientations_iPad = "UIInterfaceOrientationPortrait UIInterfaceOrientationPortraitUpsideDown UIInterfaceOrientationLandscapeLeft UIInterfaceOrientationLandscapeRight";
				INFOPLIST_KEY_UISupportedInterfaceOrientations_iPhone = "UIInterfaceOrientationPortrait UIInterfaceOrientationLandscapeLeft UIInterfaceOrientationLandscapeRight";
				LD_RUNPATH_SEARCH_PATHS = (
					"$(inherited)",
					"@executable_path/Frameworks",
				);
				MARKETING_VERSION = 1.0;
				PRODUCT_BUNDLE_IDENTIFIER = com.dodo.NeflixCloneCoding;
				PRODUCT_NAME = "$(TARGET_NAME)";
				SWIFT_EMIT_LOC_STRINGS = YES;
				SWIFT_VERSION = 5.0;
				TARGETED_DEVICE_FAMILY = "1,2";
			};
			name = Release;
		};
/* End XCBuildConfiguration section */

/* Begin XCConfigurationList section */
		78268A91287016BB0099F75C /* Build configuration list for PBXProject "NeflixCloneCoding" */ = {
			isa = XCConfigurationList;
			buildConfigurations = (
				78268AA2287016BC0099F75C /* Debug */,
				78268AA3287016BC0099F75C /* Release */,
			);
			defaultConfigurationIsVisible = 0;
			defaultConfigurationName = Release;
		};
		78268AA4287016BC0099F75C /* Build configuration list for PBXNativeTarget "NeflixCloneCoding" */ = {
			isa = XCConfigurationList;
			buildConfigurations = (
				78268AA5287016BC0099F75C /* Debug */,
				78268AA6287016BC0099F75C /* Release */,
			);
			defaultConfigurationIsVisible = 0;
			defaultConfigurationName = Release;
		};
/* End XCConfigurationList section */
	};
	rootObject = 78268A8E287016BB0099F75C /* Project object */;
}
